// !$*UTF8*$!
{
	archiveVersion = 1;
	classes = {
	};
	objectVersion = 48;
	objects = {

/* Begin PBXBuildFile section */
		8716EF4D1FD99F5800C979AE /* AppDelegate.swift in Sources */ = {isa = PBXBuildFile; fileRef = 8716EF4C1FD99F5800C979AE /* AppDelegate.swift */; };
		8716EF4F1FD99F5800C979AE /* ViewController.swift in Sources */ = {isa = PBXBuildFile; fileRef = 8716EF4E1FD99F5800C979AE /* ViewController.swift */; };
		8716EF521FD99F5800C979AE /* Main.storyboard in Resources */ = {isa = PBXBuildFile; fileRef = 8716EF501FD99F5800C979AE /* Main.storyboard */; };
		8716EF541FD99F5800C979AE /* Assets.xcassets in Resources */ = {isa = PBXBuildFile; fileRef = 8716EF531FD99F5800C979AE /* Assets.xcassets */; };
		8716EF571FD99F5800C979AE /* LaunchScreen.storyboard in Resources */ = {isa = PBXBuildFile; fileRef = 8716EF551FD99F5800C979AE /* LaunchScreen.storyboard */; };
		8716EF621FD99F5800C979AE /* Prova2Tests.swift in Sources */ = {isa = PBXBuildFile; fileRef = 8716EF611FD99F5800C979AE /* Prova2Tests.swift */; };
		8716EF6D1FD99F5800C979AE /* Prova2UITests.swift in Sources */ = {isa = PBXBuildFile; fileRef = 8716EF6C1FD99F5800C979AE /* Prova2UITests.swift */; };
/* End PBXBuildFile section */

/* Begin PBXContainerItemProxy section */
		8716EF5E1FD99F5800C979AE /* PBXContainerItemProxy */ = {
			isa = PBXContainerItemProxy;
			containerPortal = 8716EF411FD99F5800C979AE /* Project object */;
			proxyType = 1;
			remoteGlobalIDString = 8716EF481FD99F5800C979AE;
			remoteInfo = Prova2;
		};
		8716EF691FD99F5800C979AE /* PBXContainerItemProxy */ = {
			isa = PBXContainerItemProxy;
			containerPortal = 8716EF411FD99F5800C979AE /* Project object */;
			proxyType = 1;
			remoteGlobalIDString = 8716EF481FD99F5800C979AE;
			remoteInfo = Prova2;
		};
/* End PBXContainerItemProxy section */

/* Begin PBXFileReference section */
		8716EF491FD99F5800C979AE /* Prova2.app */ = {isa = PBXFileReference; explicitFileType = wrapper.application; includeInIndex = 0; path = Prova2.app; sourceTree = BUILT_PRODUCTS_DIR; };
		8716EF4C1FD99F5800C979AE /* AppDelegate.swift */ = {isa = PBXFileReference; lastKnownFileType = sourcecode.swift; path = AppDelegate.swift; sourceTree = "<group>"; };
		8716EF4E1FD99F5800C979AE /* ViewController.swift */ = {isa = PBXFileReference; lastKnownFileType = sourcecode.swift; path = ViewController.swift; sourceTree = "<group>"; };
		8716EF511FD99F5800C979AE /* Base */ = {isa = PBXFileReference; lastKnownFileType = file.storyboard; name = Base; path = Base.lproj/Main.storyboard; sourceTree = "<group>"; };
		8716EF531FD99F5800C979AE /* Assets.xcassets */ = {isa = PBXFileReference; lastKnownFileType = folder.assetcatalog; path = Assets.xcassets; sourceTree = "<group>"; };
		8716EF561FD99F5800C979AE /* Base */ = {isa = PBXFileReference; lastKnownFileType = file.storyboard; name = Base; path = Base.lproj/LaunchScreen.storyboard; sourceTree = "<group>"; };
		8716EF581FD99F5800C979AE /* Info.plist */ = {isa = PBXFileReference; lastKnownFileType = text.plist.xml; path = Info.plist; sourceTree = "<group>"; };
		8716EF5D1FD99F5800C979AE /* Prova2Tests.xctest */ = {isa = PBXFileReference; explicitFileType = wrapper.cfbundle; includeInIndex = 0; path = Prova2Tests.xctest; sourceTree = BUILT_PRODUCTS_DIR; };
		8716EF611FD99F5800C979AE /* Prova2Tests.swift */ = {isa = PBXFileReference; lastKnownFileType = sourcecode.swift; path = Prova2Tests.swift; sourceTree = "<group>"; };
		8716EF631FD99F5800C979AE /* Info.plist */ = {isa = PBXFileReference; lastKnownFileType = text.plist.xml; path = Info.plist; sourceTree = "<group>"; };
		8716EF681FD99F5800C979AE /* Prova2UITests.xctest */ = {isa = PBXFileReference; explicitFileType = wrapper.cfbundle; includeInIndex = 0; path = Prova2UITests.xctest; sourceTree = BUILT_PRODUCTS_DIR; };
		8716EF6C1FD99F5800C979AE /* Prova2UITests.swift */ = {isa = PBXFileReference; lastKnownFileType = sourcecode.swift; path = Prova2UITests.swift; sourceTree = "<group>"; };
		8716EF6E1FD99F5800C979AE /* Info.plist */ = {isa = PBXFileReference; lastKnownFileType = text.plist.xml; path = Info.plist; sourceTree = "<group>"; };
/* End PBXFileReference section */

/* Begin PBXFrameworksBuildPhase section */
		8716EF461FD99F5800C979AE /* Frameworks */ = {
			isa = PBXFrameworksBuildPhase;
			buildActionMask = 2147483647;
			files = (
			);
			runOnlyForDeploymentPostprocessing = 0;
		};
		8716EF5A1FD99F5800C979AE /* Frameworks */ = {
			isa = PBXFrameworksBuildPhase;
			buildActionMask = 2147483647;
			files = (
			);
			runOnlyForDeploymentPostprocessing = 0;
		};
		8716EF651FD99F5800C979AE /* Frameworks */ = {
			isa = PBXFrameworksBuildPhase;
			buildActionMask = 2147483647;
			files = (
			);
			runOnlyForDeploymentPostprocessing = 0;
		};
/* End PBXFrameworksBuildPhase section */

/* Begin PBXGroup section */
		8716EF401FD99F5800C979AE = {
			isa = PBXGroup;
			children = (
				8716EF4B1FD99F5800C979AE /* Prova2 */,
				8716EF601FD99F5800C979AE /* Prova2Tests */,
				8716EF6B1FD99F5800C979AE /* Prova2UITests */,
				8716EF4A1FD99F5800C979AE /* Products */,
			);
			sourceTree = "<group>";
		};
		8716EF4A1FD99F5800C979AE /* Products */ = {
			isa = PBXGroup;
			children = (
				8716EF491FD99F5800C979AE /* Prova2.app */,
				8716EF5D1FD99F5800C979AE /* Prova2Tests.xctest */,
				8716EF681FD99F5800C979AE /* Prova2UITests.xctest */,
			);
			name = Products;
			sourceTree = "<group>";
		};
		8716EF4B1FD99F5800C979AE /* Prova2 */ = {
			isa = PBXGroup;
			children = (
				8716EF4C1FD99F5800C979AE /* AppDelegate.swift */,
				8716EF4E1FD99F5800C979AE /* ViewController.swift */,
				8716EF501FD99F5800C979AE /* Main.storyboard */,
				8716EF531FD99F5800C979AE /* Assets.xcassets */,
				8716EF551FD99F5800C979AE /* LaunchScreen.storyboard */,
				8716EF581FD99F5800C979AE /* Info.plist */,
			);
			path = Prova2;
			sourceTree = "<group>";
		};
		8716EF601FD99F5800C979AE /* Prova2Tests */ = {
			isa = PBXGroup;
			children = (
				8716EF611FD99F5800C979AE /* Prova2Tests.swift */,
				8716EF631FD99F5800C979AE /* Info.plist */,
			);
			path = Prova2Tests;
			sourceTree = "<group>";
		};
		8716EF6B1FD99F5800C979AE /* Prova2UITests */ = {
			isa = PBXGroup;
			children = (
				8716EF6C1FD99F5800C979AE /* Prova2UITests.swift */,
				8716EF6E1FD99F5800C979AE /* Info.plist */,
			);
			path = Prova2UITests;
			sourceTree = "<group>";
		};
/* End PBXGroup section */

/* Begin PBXNativeTarget section */
		8716EF481FD99F5800C979AE /* Prova2 */ = {
			isa = PBXNativeTarget;
			buildConfigurationList = 8716EF711FD99F5800C979AE /* Build configuration list for PBXNativeTarget "Prova2" */;
			buildPhases = (
				8716EF451FD99F5800C979AE /* Sources */,
				8716EF461FD99F5800C979AE /* Frameworks */,
				8716EF471FD99F5800C979AE /* Resources */,
			);
			buildRules = (
			);
			dependencies = (
			);
			name = Prova2;
			productName = Prova2;
			productReference = 8716EF491FD99F5800C979AE /* Prova2.app */;
			productType = "com.apple.product-type.application";
		};
		8716EF5C1FD99F5800C979AE /* Prova2Tests */ = {
			isa = PBXNativeTarget;
			buildConfigurationList = 8716EF741FD99F5800C979AE /* Build configuration list for PBXNativeTarget "Prova2Tests" */;
			buildPhases = (
				8716EF591FD99F5800C979AE /* Sources */,
				8716EF5A1FD99F5800C979AE /* Frameworks */,
				8716EF5B1FD99F5800C979AE /* Resources */,
			);
			buildRules = (
			);
			dependencies = (
				8716EF5F1FD99F5800C979AE /* PBXTargetDependency */,
			);
			name = Prova2Tests;
			productName = Prova2Tests;
			productReference = 8716EF5D1FD99F5800C979AE /* Prova2Tests.xctest */;
			productType = "com.apple.product-type.bundle.unit-test";
		};
		8716EF671FD99F5800C979AE /* Prova2UITests */ = {
			isa = PBXNativeTarget;
			buildConfigurationList = 8716EF771FD99F5800C979AE /* Build configuration list for PBXNativeTarget "Prova2UITests" */;
			buildPhases = (
				8716EF641FD99F5800C979AE /* Sources */,
				8716EF651FD99F5800C979AE /* Frameworks */,
				8716EF661FD99F5800C979AE /* Resources */,
			);
			buildRules = (
			);
			dependencies = (
				8716EF6A1FD99F5800C979AE /* PBXTargetDependency */,
			);
			name = Prova2UITests;
			productName = Prova2UITests;
			productReference = 8716EF681FD99F5800C979AE /* Prova2UITests.xctest */;
			productType = "com.apple.product-type.bundle.ui-testing";
		};
/* End PBXNativeTarget section */

/* Begin PBXProject section */
		8716EF411FD99F5800C979AE /* Project object */ = {
			isa = PBXProject;
			attributes = {
				LastSwiftUpdateCheck = 0920;
				LastUpgradeCheck = 0920;
				ORGANIZATIONNAME = "Lorenzo Caso";
				TargetAttributes = {
					8716EF481FD99F5800C979AE = {
						CreatedOnToolsVersion = 9.2;
						ProvisioningStyle = Automatic;
					};
					8716EF5C1FD99F5800C979AE = {
						CreatedOnToolsVersion = 9.2;
						ProvisioningStyle = Automatic;
						TestTargetID = 8716EF481FD99F5800C979AE;
					};
					8716EF671FD99F5800C979AE = {
						CreatedOnToolsVersion = 9.2;
						ProvisioningStyle = Automatic;
						TestTargetID = 8716EF481FD99F5800C979AE;
					};
				};
			};
			buildConfigurationList = 8716EF441FD99F5800C979AE /* Build configuration list for PBXProject "Prova2" */;
			compatibilityVersion = "Xcode 8.0";
			developmentRegion = en;
			hasScannedForEncodings = 0;
			knownRegions = (
				en,
				Base,
			);
			mainGroup = 8716EF401FD99F5800C979AE;
			productRefGroup = 8716EF4A1FD99F5800C979AE /* Products */;
			projectDirPath = "";
			projectRoot = "";
			targets = (
				8716EF481FD99F5800C979AE /* Prova2 */,
				8716EF5C1FD99F5800C979AE /* Prova2Tests */,
				8716EF671FD99F5800C979AE /* Prova2UITests */,
			);
		};
/* End PBXProject section */

/* Begin PBXResourcesBuildPhase section */
		8716EF471FD99F5800C979AE /* Resources */ = {
			isa = PBXResourcesBuildPhase;
			buildActionMask = 2147483647;
			files = (
				8716EF571FD99F5800C979AE /* LaunchScreen.storyboard in Resources */,
				8716EF541FD99F5800C979AE /* Assets.xcassets in Resources */,
				8716EF521FD99F5800C979AE /* Main.storyboard in Resources */,
			);
			runOnlyForDeploymentPostprocessing = 0;
		};
		8716EF5B1FD99F5800C979AE /* Resources */ = {
			isa = PBXResourcesBuildPhase;
			buildActionMask = 2147483647;
			files = (
			);
			runOnlyForDeploymentPostprocessing = 0;
		};
		8716EF661FD99F5800C979AE /* Resources */ = {
			isa = PBXResourcesBuildPhase;
			buildActionMask = 2147483647;
			files = (
			);
			runOnlyForDeploymentPostprocessing = 0;
		};
/* End PBXResourcesBuildPhase section */

/* Begin PBXSourcesBuildPhase section */
		8716EF451FD99F5800C979AE /* Sources */ = {
			isa = PBXSourcesBuildPhase;
			buildActionMask = 2147483647;
			files = (
				8716EF4F1FD99F5800C979AE /* ViewController.swift in Sources */,
				8716EF4D1FD99F5800C979AE /* AppDelegate.swift in Sources */,
			);
			runOnlyForDeploymentPostprocessing = 0;
		};
		8716EF591FD99F5800C979AE /* Sources */ = {
			isa = PBXSourcesBuildPhase;
			buildActionMask = 2147483647;
			files = (
				8716EF621FD99F5800C979AE /* Prova2Tests.swift in Sources */,
			);
			runOnlyForDeploymentPostprocessing = 0;
		};
		8716EF641FD99F5800C979AE /* Sources */ = {
			isa = PBXSourcesBuildPhase;
			buildActionMask = 2147483647;
			files = (
				8716EF6D1FD99F5800C979AE /* Prova2UITests.swift in Sources */,
			);
			runOnlyForDeploymentPostprocessing = 0;
		};
/* End PBXSourcesBuildPhase section */

/* Begin PBXTargetDependency section */
		8716EF5F1FD99F5800C979AE /* PBXTargetDependency */ = {
			isa = PBXTargetDependency;
			target = 8716EF481FD99F5800C979AE /* Prova2 */;
			targetProxy = 8716EF5E1FD99F5800C979AE /* PBXContainerItemProxy */;
		};
		8716EF6A1FD99F5800C979AE /* PBXTargetDependency */ = {
			isa = PBXTargetDependency;
			target = 8716EF481FD99F5800C979AE /* Prova2 */;
			targetProxy = 8716EF691FD99F5800C979AE /* PBXContainerItemProxy */;
		};
/* End PBXTargetDependency section */

/* Begin PBXVariantGroup section */
		8716EF501FD99F5800C979AE /* Main.storyboard */ = {
			isa = PBXVariantGroup;
			children = (
				8716EF511FD99F5800C979AE /* Base */,
			);
			name = Main.storyboard;
			sourceTree = "<group>";
		};
		8716EF551FD99F5800C979AE /* LaunchScreen.storyboard */ = {
			isa = PBXVariantGroup;
			children = (
				8716EF561FD99F5800C979AE /* Base */,
			);
			name = LaunchScreen.storyboard;
			sourceTree = "<group>";
		};
/* End PBXVariantGroup section */

/* Begin XCBuildConfiguration section */
		8716EF6F1FD99F5800C979AE /* Debug */ = {
			isa = XCBuildConfiguration;
			buildSettings = {
				ALWAYS_SEARCH_USER_PATHS = NO;
				CLANG_ANALYZER_NONNULL = YES;
				CLANG_ANALYZER_NUMBER_OBJECT_CONVERSION = YES_AGGRESSIVE;
				CLANG_CXX_LANGUAGE_STANDARD = "gnu++14";
				CLANG_CXX_LIBRARY = "libc++";
				CLANG_ENABLE_MODULES = YES;
				CLANG_ENABLE_OBJC_ARC = YES;
				CLANG_WARN_BLOCK_CAPTURE_AUTORELEASING = YES;
				CLANG_WARN_BOOL_CONVERSION = YES;
				CLANG_WARN_COMMA = YES;
				CLANG_WARN_CONSTANT_CONVERSION = YES;
				CLANG_WARN_DIRECT_OBJC_ISA_USAGE = YES_ERROR;
				CLANG_WARN_DOCUMENTATION_COMMENTS = YES;
				CLANG_WARN_EMPTY_BODY = YES;
				CLANG_WARN_ENUM_CONVERSION = YES;
				CLANG_WARN_INFINITE_RECURSION = YES;
				CLANG_WARN_INT_CONVERSION = YES;
				CLANG_WARN_NON_LITERAL_NULL_CONVERSION = YES;
				CLANG_WARN_OBJC_LITERAL_CONVERSION = YES;
				CLANG_WARN_OBJC_ROOT_CLASS = YES_ERROR;
				CLANG_WARN_RANGE_LOOP_ANALYSIS = YES;
				CLANG_WARN_STRICT_PROTOTYPES = YES;
				CLANG_WARN_SUSPICIOUS_MOVE = YES;
				CLANG_WARN_UNGUARDED_AVAILABILITY = YES_AGGRESSIVE;
				CLANG_WARN_UNREACHABLE_CODE = YES;
				CLANG_WARN__DUPLICATE_METHOD_MATCH = YES;
				CODE_SIGN_IDENTITY = "iPhone Developer";
				COPY_PHASE_STRIP = NO;
				DEBUG_INFORMATION_FORMAT = dwarf;
				ENABLE_STRICT_OBJC_MSGSEND = YES;
				ENABLE_TESTABILITY = YES;
				GCC_C_LANGUAGE_STANDARD = gnu11;
				GCC_DYNAMIC_NO_PIC = NO;
				GCC_NO_COMMON_BLOCKS = YES;
				GCC_OPTIMIZATION_LEVEL = 0;
				GCC_PREPROCESSOR_DEFINITIONS = (
					"DEBUG=1",
					"$(inherited)",
				);
				GCC_WARN_64_TO_32_BIT_CONVERSION = YES;
				GCC_WARN_ABOUT_RETURN_TYPE = YES_ERROR;
				GCC_WARN_UNDECLARED_SELECTOR = YES;
				GCC_WARN_UNINITIALIZED_AUTOS = YES_AGGRESSIVE;
				GCC_WARN_UNUSED_FUNCTION = YES;
				GCC_WARN_UNUSED_VARIABLE = YES;
				IPHONEOS_DEPLOYMENT_TARGET = 11.2;
				MTL_ENABLE_DEBUG_INFO = YES;
				ONLY_ACTIVE_ARCH = YES;
				SDKROOT = iphoneos;
				SWIFT_ACTIVE_COMPILATION_CONDITIONS = DEBUG;
				SWIFT_OPTIMIZATION_LEVEL = "-Onone";
			};
			name = Debug;
		};
		8716EF701FD99F5800C979AE /* Release */ = {
			isa = XCBuildConfiguration;
			buildSettings = {
				ALWAYS_SEARCH_USER_PATHS = NO;
				CLANG_ANALYZER_NONNULL = YES;
				CLANG_ANALYZER_NUMBER_OBJECT_CONVERSION = YES_AGGRESSIVE;
				CLANG_CXX_LANGUAGE_STANDARD = "gnu++14";
				CLANG_CXX_LIBRARY = "libc++";
				CLANG_ENABLE_MODULES = YES;
				CLANG_ENABLE_OBJC_ARC = YES;
				CLANG_WARN_BLOCK_CAPTURE_AUTORELEASING = YES;
				CLANG_WARN_BOOL_CONVERSION = YES;
				CLANG_WARN_COMMA = YES;
				CLANG_WARN_CONSTANT_CONVERSION = YES;
				CLANG_WARN_DIRECT_OBJC_ISA_USAGE = YES_ERROR;
				CLANG_WARN_DOCUMENTATION_COMMENTS = YES;
				CLANG_WARN_EMPTY_BODY = YES;
				CLANG_WARN_ENUM_CONVERSION = YES;
				CLANG_WARN_INFINITE_RECURSION = YES;
				CLANG_WARN_INT_CONVERSION = YES;
				CLANG_WARN_NON_LITERAL_NULL_CONVERSION = YES;
				CLANG_WARN_OBJC_LITERAL_CONVERSION = YES;
				CLANG_WARN_OBJC_ROOT_CLASS = YES_ERROR;
				CLANG_WARN_RANGE_LOOP_ANALYSIS = YES;
				CLANG_WARN_STRICT_PROTOTYPES = YES;
				CLANG_WARN_SUSPICIOUS_MOVE = YES;
				CLANG_WARN_UNGUARDED_AVAILABILITY = YES_AGGRESSIVE;
				CLANG_WARN_UNREACHABLE_CODE = YES;
				CLANG_WARN__DUPLICATE_METHOD_MATCH = YES;
				CODE_SIGN_IDENTITY = "iPhone Developer";
				COPY_PHASE_STRIP = NO;
				DEBUG_INFORMATION_FORMAT = "dwarf-with-dsym";
				ENABLE_NS_ASSERTIONS = NO;
				ENABLE_STRICT_OBJC_MSGSEND = YES;
				GCC_C_LANGUAGE_STANDARD = gnu11;
				GCC_NO_COMMON_BLOCKS = YES;
				GCC_WARN_64_TO_32_BIT_CONVERSION = YES;
				GCC_WARN_ABOUT_RETURN_TYPE = YES_ERROR;
				GCC_WARN_UNDECLARED_SELECTOR = YES;
				GCC_WARN_UNINITIALIZED_AUTOS = YES_AGGRESSIVE;
				GCC_WARN_UNUSED_FUNCTION = YES;
				GCC_WARN_UNUSED_VARIABLE = YES;
				IPHONEOS_DEPLOYMENT_TARGET = 11.2;
				MTL_ENABLE_DEBUG_INFO = NO;
				SDKROOT = iphoneos;
				SWIFT_OPTIMIZATION_LEVEL = "-Owholemodule";
				VALIDATE_PRODUCT = YES;
			};
			name = Release;
		};
		8716EF721FD99F5800C979AE /* Debug */ = {
			isa = XCBuildConfiguration;
			buildSettings = {
				ASSETCATALOG_COMPILER_APPICON_NAME = AppIcon;
				CODE_SIGN_STYLE = Automatic;
				INFOPLIST_FILE = Prova2/Info.plist;
				LD_RUNPATH_SEARCH_PATHS = "$(inherited) @executable_path/Frameworks";
				PRODUCT_BUNDLE_IDENTIFIER = lorenzocaso.Prova2;
				PRODUCT_NAME = "$(TARGET_NAME)";
				SWIFT_VERSION = 4.0;
				TARGETED_DEVICE_FAMILY = "1,2";
			};
			name = Debug;
		};
		8716EF731FD99F5800C979AE /* Release */ = {
			isa = XCBuildConfiguration;
			buildSettings = {
				ASSETCATALOG_COMPILER_APPICON_NAME = AppIcon;
				CODE_SIGN_STYLE = Automatic;
				INFOPLIST_FILE = Prova2/Info.plist;
				LD_RUNPATH_SEARCH_PATHS = "$(inherited) @executable_path/Frameworks";
				PRODUCT_BUNDLE_IDENTIFIER = lorenzocaso.Prova2;
				PRODUCT_NAME = "$(TARGET_NAME)";
				SWIFT_VERSION = 4.0;
				TARGETED_DEVICE_FAMILY = "1,2";
			};
			name = Release;
		};
		8716EF751FD99F5800C979AE /* Debug */ = {
			isa = XCBuildConfiguration;
			buildSettings = {
				ALWAYS_EMBED_SWIFT_STANDARD_LIBRARIES = YES;
				BUNDLE_LOADER = "$(TEST_HOST)";
				CODE_SIGN_STYLE = Automatic;
				INFOPLIST_FILE = Prova2Tests/Info.plist;
				LD_RUNPATH_SEARCH_PATHS = "$(inherited) @executable_path/Frameworks @loader_path/Frameworks";
				PRODUCT_BUNDLE_IDENTIFIER = lorenzocaso.Prova2Tests;
				PRODUCT_NAME = "$(TARGET_NAME)";
				SWIFT_VERSION = 4.0;
				TARGETED_DEVICE_FAMILY = "1,2";
				TEST_HOST = "$(BUILT_PRODUCTS_DIR)/Prova2.app/Prova2";
			};
			name = Debug;
		};
		8716EF761FD99F5800C979AE /* Release */ = {
			isa = XCBuildConfiguration;
			buildSettings = {
				ALWAYS_EMBED_SWIFT_STANDARD_LIBRARIES = YES;
				BUNDLE_LOADER = "$(TEST_HOST)";
				CODE_SIGN_STYLE = Automatic;
				INFOPLIST_FILE = Prova2Tests/Info.plist;
				LD_RUNPATH_SEARCH_PATHS = "$(inherited) @executable_path/Frameworks @loader_path/Frameworks";
				PRODUCT_BUNDLE_IDENTIFIER = lorenzocaso.Prova2Tests;
				PRODUCT_NAME = "$(TARGET_NAME)";
				SWIFT_VERSION = 4.0;
				TARGETED_DEVICE_FAMILY = "1,2";
				TEST_HOST = "$(BUILT_PRODUCTS_DIR)/Prova2.app/Prova2";
			};
			name = Release;
		};
		8716EF781FD99F5800C979AE /* Debug */ = {
			isa = XCBuildConfiguration;
			buildSettings = {
				ALWAYS_EMBED_SWIFT_STANDARD_LIBRARIES = YES;
				CODE_SIGN_STYLE = Automatic;
				INFOPLIST_FILE = Prova2UITests/Info.plist;
				LD_RUNPATH_SEARCH_PATHS = "$(inherited) @executable_path/Frameworks @loader_path/Frameworks";
				PRODUCT_BUNDLE_IDENTIFIER = lorenzocaso.Prova2UITests;
				PRODUCT_NAME = "$(TARGET_NAME)";
				SWIFT_VERSION = 4.0;
				TARGETED_DEVICE_FAMILY = "1,2";
				TEST_TARGET_NAME = Prova2;
			};
			name = Debug;
		};
		8716EF791FD99F5800C979AE /* Release */ = {
			isa = XCBuildConfiguration;
			buildSettings = {
				ALWAYS_EMBED_SWIFT_STANDARD_LIBRARIES = YES;
				CODE_SIGN_STYLE = Automatic;
				INFOPLIST_FILE = Prova2UITests/Info.plist;
				LD_RUNPATH_SEARCH_PATHS = "$(inherited) @executable_path/Frameworks @loader_path/Frameworks";
				PRODUCT_BUNDLE_IDENTIFIER = lorenzocaso.Prova2UITests;
				PRODUCT_NAME = "$(TARGET_NAME)";
				SWIFT_VERSION = 4.0;
				TARGETED_DEVICE_FAMILY = "1,2";
				TEST_TARGET_NAME = Prova2;
			};
			name = Release;
		};
/* End XCBuildConfiguration section */

/* Begin XCConfigurationList section */
		8716EF441FD99F5800C979AE /* Build configuration list for PBXProject "Prova2" */ = {
			isa = XCConfigurationList;
			buildConfigurations = (
				8716EF6F1FD99F5800C979AE /* Debug */,
				8716EF701FD99F5800C979AE /* Release */,
			);
			defaultConfigurationIsVisible = 0;
			defaultConfigurationName = Release;
		};
		8716EF711FD99F5800C979AE /* Build configuration list for PBXNativeTarget "Prova2" */ = {
			isa = XCConfigurationList;
			buildConfigurations = (
				8716EF721FD99F5800C979AE /* Debug */,
				8716EF731FD99F5800C979AE /* Release */,
			);
			defaultConfigurationIsVisible = 0;
			defaultConfigurationName = Release;
		};
		8716EF741FD99F5800C979AE /* Build configuration list for PBXNativeTarget "Prova2Tests" */ = {
			isa = XCConfigurationList;
			buildConfigurations = (
				8716EF751FD99F5800C979AE /* Debug */,
				8716EF761FD99F5800C979AE /* Release */,
			);
			defaultConfigurationIsVisible = 0;
			defaultConfigurationName = Release;
		};
		8716EF771FD99F5800C979AE /* Build configuration list for PBXNativeTarget "Prova2UITests" */ = {
			isa = XCConfigurationList;
			buildConfigurations = (
				8716EF781FD99F5800C979AE /* Debug */,
				8716EF791FD99F5800C979AE /* Release */,
			);
			defaultConfigurationIsVisible = 0;
			defaultConfigurationName = Release;
		};
/* End XCConfigurationList section */
	};
	rootObject = 8716EF411FD99F5800C979AE /* Project object */;
}
